
Microsoft Visual Studio Solution File, Format Version 12.00
# Visual Studio Version 16
VisualStudioVersion = 16.0.31410.357
MinimumVisualStudioVersion = 10.0.40219.1
Project("{FAE04EC0-301F-11D3-BF4B-00C04F79EFBC}") = "Entities", "Entities\Entities.csproj", "{F3A6864D-D2EC-4474-8762-2501A2103E62}"
EndProject
Project("{FAE04EC0-301F-11D3-BF4B-00C04F79EFBC}") = "DataAccess", "DataAccess\DataAccess.csproj", "{8CEA3B80-C15B-47C2-8C24-BE8CB92454F5}"
EndProject
Project("{FAE04EC0-301F-11D3-BF4B-00C04F79EFBC}") = "Business", "Business\Business.csproj", "{D6034E90-A67A-4FAF-A3C2-F940ABCFB4D1}"
EndProject
Project("{FAE04EC0-301F-11D3-BF4B-00C04F79EFBC}") = "ConsoleUI", "ConcoleUI\ConsoleUI.csproj", "{4FECBAB3-4486-4EA2-B642-C6FD6B96853F}"
EndProject
Global
	GlobalSection(SolutionConfigurationPlatforms) = preSolution
		Debug|Any CPU = Debug|Any CPU
		Release|Any CPU = Release|Any CPU
	EndGlobalSection
	GlobalSection(ProjectConfigurationPlatforms) = postSolution
		{F3A6864D-D2EC-4474-8762-2501A2103E62}.Debug|Any CPU.ActiveCfg = Debug|Any CPU
		{F3A6864D-D2EC-4474-8762-2501A2103E62}.Debug|Any CPU.Build.0 = Debug|Any CPU
		{F3A6864D-D2EC-4474-8762-2501A2103E62}.Release|Any CPU.ActiveCfg = Release|Any CPU
		{F3A6864D-D2EC-4474-8762-2501A2103E62}.Release|Any CPU.Build.0 = Release|Any CPU
		{8CEA3B80-C15B-47C2-8C24-BE8CB92454F5}.Debug|Any CPU.ActiveCfg = Debug|Any CPU
		{8CEA3B80-C15B-47C2-8C24-BE8CB92454F5}.Debug|Any CPU.Build.0 = Debug|Any CPU
		{8CEA3B80-C15B-47C2-8C24-BE8CB92454F5}.Release|Any CPU.ActiveCfg = Release|Any CPU
		{8CEA3B80-C15B-47C2-8C24-BE8CB92454F5}.Release|Any CPU.Build.0 = Release|Any CPU
		{D6034E90-A67A-4FAF-A3C2-F940ABCFB4D1}.Debug|Any CPU.ActiveCfg = Debug|Any CPU
		{D6034E90-A67A-4FAF-A3C2-F940ABCFB4D1}.Debug|Any CPU.Build.0 = Debug|Any CPU
		{D6034E90-A67A-4FAF-A3C2-F940ABCFB4D1}.Release|Any CPU.ActiveCfg = Release|Any CPU
		{D6034E90-A67A-4FAF-A3C2-F940ABCFB4D1}.Release|Any CPU.Build.0 = Release|Any CPU
		{4FECBAB3-4486-4EA2-B642-C6FD6B96853F}.Debug|Any CPU.ActiveCfg = Debug|Any CPU
		{4FECBAB3-4486-4EA2-B642-C6FD6B96853F}.Debug|Any CPU.Build.0 = Debug|Any CPU
		{4FECBAB3-4486-4EA2-B642-C6FD6B96853F}.Release|Any CPU.ActiveCfg = Release|Any CPU
		{4FECBAB3-4486-4EA2-B642-C6FD6B96853F}.Release|Any CPU.Build.0 = Release|Any CPU
	EndGlobalSection
	GlobalSection(SolutionProperties) = preSolution
		HideSolutionNode = FALSE
	EndGlobalSection
	GlobalSection(ExtensibilityGlobals) = postSolution
		SolutionGuid = {B82CFC9E-EB25-42E6-B871-33BA57DC8672}
	EndGlobalSection
EndGlobal
